{
  "requires": true,
  "lockfileVersion": 1,
  "dependencies": {
    "@meforma/vue-copy-to-clipboard": {
      "version": "0.0.1",
      "resolved": "https://registry.npmjs.org/@meforma/vue-copy-to-clipboard/-/vue-copy-to-clipboard-0.0.1.tgz",
      "integrity": "sha512-e2lwclN59/wgU97o5e4r/TNBhfzySeSaV8rtKFKbwTyD2Y8XDhRKx/n01NTUeOAuWspq4tijYzePBkujS8+YsA=="
    },
    "clipboard": {
      "version": "2.0.8",
      "resolved": "https://registry.npmjs.org/clipboard/-/clipboard-2.0.8.tgz",
      "integrity": "sha512-Y6WO0unAIQp5bLmk1zdThRhgJt/x3ks6f30s3oE3H1mgIEU33XyQjEf8gsf6DxC7NPX8Y1SsNWjUjL/ywLnnbQ==",
      "requires": {
        "good-listener": "^1.2.2",
        "select": "^1.1.2",
        "tiny-emitter": "^2.0.0"
      }
    },
    "copy-to-clipboard": {
      "version": "3.3.1",
      "resolved": "https://registry.npmjs.org/copy-to-clipboard/-/copy-to-clipboard-3.3.1.tgz",
      "integrity": "sha512-i13qo6kIHTTpCm8/Wup+0b1mVWETvu2kIMzKoK8FpkLkFxlt0znUAHcMzox+T8sPlqtZXq3CulEjQHsYiGFJUw==",
      "requires": {
        "toggle-selection": "^1.0.6"
      }
    },
    "delegate": {
      "version": "3.2.0",
      "resolved": "https://registry.npmjs.org/delegate/-/delegate-3.2.0.tgz",
      "integrity": "sha512-IofjkYBZaZivn0V8nnsMJGBr4jVLxHDheKSW88PyxS5QC4Vo9ZbZVvhzlSxY87fVq3STR6r+4cGepyHkcWOQSw=="
    },
    "good-listener": {
      "version": "1.2.2",
      "resolved": "https://registry.npmjs.org/good-listener/-/good-listener-1.2.2.tgz",
      "integrity": "sha1-1TswzfkxPf+33JoNR3CWqm0UXFA=",
      "requires": {
        "delegate": "^3.1.2"
      }
    },
    "select": {
      "version": "1.1.2",
      "resolved": "https://registry.npmjs.org/select/-/select-1.1.2.tgz",
      "integrity": "sha1-DnNQrN7ICxEIUoeG7B1EGNEbOW0="
    },
    "tiny-emitter": {
      "version": "2.1.0",
      "resolved": "https://registry.npmjs.org/tiny-emitter/-/tiny-emitter-2.1.0.tgz",
      "integrity": "sha512-NB6Dk1A9xgQPMoGqC5CVXn123gWyte215ONT5Pp5a0yt4nlEoO1ZWeCwpncaekPHXO60i47ihFnZPiRPjRMq4Q=="
    },
    "toggle-selection": {
      "version": "1.0.6",
      "resolved": "https://registry.npmjs.org/toggle-selection/-/toggle-selection-1.0.6.tgz",
      "integrity": "sha1-bkWxJj8gF/oKzH2J14sVuL932jI="
    },
    "vue-clipboard2": {
      "version": "0.3.1",
      "resolved": "https://registry.npmjs.org/vue-clipboard2/-/vue-clipboard2-0.3.1.tgz",
      "integrity": "sha512-H5S/agEDj0kXjUb5GP2c0hCzIXWRBygaWLN3NEFsaI9I3uWin778SFEMt8QRXiPG+7anyjqWiw2lqcxWUSfkYg==",
      "requires": {
        "clipboard": "^2.0.0"
      }
    },
    "vue-copy-to-clipboard": {
      "version": "1.0.3",
      "resolved": "https://registry.npmjs.org/vue-copy-to-clipboard/-/vue-copy-to-clipboard-1.0.3.tgz",
      "integrity": "sha512-FSgewqG+2NwNsAnKOZqZ6GZqNvrbauVh/Y5z+xkbu9AmFqiWlQLKaFc+7BcsYCVZ2TaQnhjcHbDycVRVGFJypQ==",
      "requires": {
        "copy-to-clipboard": "^3.3.1"
      }
    }
  }
}
